
Microsoft Visual Studio Solution File, Format Version 12.00
# Visual Studio Version 16
VisualStudioVersion = 16.0.31729.503
MinimumVisualStudioVersion = 10.0.40219.1
Project("{9A19103F-16F7-4668-BE54-9A1E7A4F7556}") = "EStock.Getway", "EStock.Getway.csproj", "{355D2513-ED5A-4240-80A5-62A1CE9CFAAC}"
EndProject
Global
	GlobalSection(SolutionConfigurationPlatforms) = preSolution
		Debug|Any CPU = Debug|Any CPU
		Release|Any CPU = Release|Any CPU
	EndGlobalSection
	GlobalSection(ProjectConfigurationPlatforms) = postSolution
		{355D2513-ED5A-4240-80A5-62A1CE9CFAAC}.Debug|Any CPU.ActiveCfg = Debug|Any CPU
		{355D2513-ED5A-4240-80A5-62A1CE9CFAAC}.Debug|Any CPU.Build.0 = Debug|Any CPU
		{355D2513-ED5A-4240-80A5-62A1CE9CFAAC}.Release|Any CPU.ActiveCfg = Release|Any CPU
		{355D2513-ED5A-4240-80A5-62A1CE9CFAAC}.Release|Any CPU.Build.0 = Release|Any CPU
	EndGlobalSection
	GlobalSection(SolutionProperties) = preSolution
		HideSolutionNode = FALSE
	EndGlobalSection
	GlobalSection(ExtensibilityGlobals) = postSolution
		SolutionGuid = {0E93387F-FBDF-403A-A011-C0B66A7056E0}
	EndGlobalSection
EndGlobal
