
Microsoft Visual Studio Solution File, Format Version 12.00
# Visual Studio Version 16
VisualStudioVersion = 16.0.31729.503
MinimumVisualStudioVersion = 10.0.40219.1
Project("{FAE04EC0-301F-11D3-BF4B-00C04F79EFBC}") = "EStockOcelot", "EStockOcelot\EStockOcelot.csproj", "{B6181A0F-F2DF-4428-989C-EF8E4D24E4DA}"
EndProject
Global
	GlobalSection(SolutionConfigurationPlatforms) = preSolution
		Debug|Any CPU = Debug|Any CPU
		Release|Any CPU = Release|Any CPU
	EndGlobalSection
	GlobalSection(ProjectConfigurationPlatforms) = postSolution
		{B6181A0F-F2DF-4428-989C-EF8E4D24E4DA}.Debug|Any CPU.ActiveCfg = Debug|Any CPU
		{B6181A0F-F2DF-4428-989C-EF8E4D24E4DA}.Debug|Any CPU.Build.0 = Debug|Any CPU
		{B6181A0F-F2DF-4428-989C-EF8E4D24E4DA}.Release|Any CPU.ActiveCfg = Release|Any CPU
		{B6181A0F-F2DF-4428-989C-EF8E4D24E4DA}.Release|Any CPU.Build.0 = Release|Any CPU
	EndGlobalSection
	GlobalSection(SolutionProperties) = preSolution
		HideSolutionNode = FALSE
	EndGlobalSection
	GlobalSection(ExtensibilityGlobals) = postSolution
		SolutionGuid = {A7A219B8-CA05-42EB-8245-CA6293DEBBDA}
	EndGlobalSection
EndGlobal
